
Microsoft Visual Studio Solution File, Format Version 12.00
# Visual Studio Version 17
VisualStudioVersion = 17.2.32616.157
MinimumVisualStudioVersion = 10.0.40219.1
Project("{FAE04EC0-301F-11D3-BF4B-00C04F79EFBC}") = "Basice.Interpreter", "Basice.Interpreter\Basice.Interpreter.csproj", "{5015AD37-16C4-4AD0-9C64-63650478E77C}"
EndProject
Project("{FAE04EC0-301F-11D3-BF4B-00C04F79EFBC}") = "Basice.UI", "Basice.UI\Basice.UI.csproj", "{3C760A86-D965-4410-AF16-097B440CC7A9}"
EndProject
Global
	GlobalSection(SolutionConfigurationPlatforms) = preSolution
		Debug|Any CPU = Debug|Any CPU
		Release|Any CPU = Release|Any CPU
	EndGlobalSection
	GlobalSection(ProjectConfigurationPlatforms) = postSolution
		{5015AD37-16C4-4AD0-9C64-63650478E77C}.Debug|Any CPU.ActiveCfg = Debug|Any CPU
		{5015AD37-16C4-4AD0-9C64-63650478E77C}.Debug|Any CPU.Build.0 = Debug|Any CPU
		{5015AD37-16C4-4AD0-9C64-63650478E77C}.Release|Any CPU.ActiveCfg = Release|Any CPU
		{5015AD37-16C4-4AD0-9C64-63650478E77C}.Release|Any CPU.Build.0 = Release|Any CPU
		{3C760A86-D965-4410-AF16-097B440CC7A9}.Debug|Any CPU.ActiveCfg = Debug|Any CPU
		{3C760A86-D965-4410-AF16-097B440CC7A9}.Debug|Any CPU.Build.0 = Debug|Any CPU
		{3C760A86-D965-4410-AF16-097B440CC7A9}.Release|Any CPU.ActiveCfg = Release|Any CPU
		{3C760A86-D965-4410-AF16-097B440CC7A9}.Release|Any CPU.Build.0 = Release|Any CPU
	EndGlobalSection
	GlobalSection(SolutionProperties) = preSolution
		HideSolutionNode = FALSE
	EndGlobalSection
	GlobalSection(ExtensibilityGlobals) = postSolution
		SolutionGuid = {B30B3B24-B733-44F0-A065-C12AB46F77A3}
	EndGlobalSection
EndGlobal
